// !$*UTF8*$!
{
	archiveVersion = 1;
	classes = {
	};
	objectVersion = 56;
	objects = {

/* Begin PBXBuildFile section */
		CE64F3352A77C050005E6EE4 /* CategoriesCollectionViewCell.swift in Sources */ = {isa = PBXBuildFile; fileRef = CE64F3332A77C050005E6EE4 /* CategoriesCollectionViewCell.swift */; };
		CE64F3362A77C050005E6EE4 /* CategoriesCollectionViewCell.xib in Resources */ = {isa = PBXBuildFile; fileRef = CE64F3342A77C050005E6EE4 /* CategoriesCollectionViewCell.xib */; };
		CEA4CA462A7BD47700A826B4 /* NetworkHelpers.swift in Sources */ = {isa = PBXBuildFile; fileRef = CEA4CA452A7BD47600A826B4 /* NetworkHelpers.swift */; };
		CEA4CA482A7CDAAB00A826B4 /* ProductsCartViewController.swift in Sources */ = {isa = PBXBuildFile; fileRef = CEA4CA472A7CDAAB00A826B4 /* ProductsCartViewController.swift */; };
		CEBD65DD2A7B633600DDC5AB /* SubcategoriesViewController.swift in Sources */ = {isa = PBXBuildFile; fileRef = CEBD65DC2A7B633600DDC5AB /* SubcategoriesViewController.swift */; };
		CEBD65E02A7B651600DDC5AB /* SubcategoriesCollectionViewCell.swift in Sources */ = {isa = PBXBuildFile; fileRef = CEBD65DE2A7B651600DDC5AB /* SubcategoriesCollectionViewCell.swift */; };
		CEBD65E12A7B651600DDC5AB /* SubcategoriesCollectionViewCell.xib in Resources */ = {isa = PBXBuildFile; fileRef = CEBD65DF2A7B651600DDC5AB /* SubcategoriesCollectionViewCell.xib */; };
		CEF90EC32A77B6BB00BCB8D1 /* AppDelegate.swift in Sources */ = {isa = PBXBuildFile; fileRef = CEF90EC22A77B6BB00BCB8D1 /* AppDelegate.swift */; };
		CEF90EC52A77B6BB00BCB8D1 /* SceneDelegate.swift in Sources */ = {isa = PBXBuildFile; fileRef = CEF90EC42A77B6BB00BCB8D1 /* SceneDelegate.swift */; };
		CEF90EC72A77B6BB00BCB8D1 /* ViewController.swift in Sources */ = {isa = PBXBuildFile; fileRef = CEF90EC62A77B6BB00BCB8D1 /* ViewController.swift */; };
		CEF90ECA2A77B6BB00BCB8D1 /* Main.storyboard in Resources */ = {isa = PBXBuildFile; fileRef = CEF90EC82A77B6BB00BCB8D1 /* Main.storyboard */; };
		CEF90ECC2A77B6BD00BCB8D1 /* Assets.xcassets in Resources */ = {isa = PBXBuildFile; fileRef = CEF90ECB2A77B6BD00BCB8D1 /* Assets.xcassets */; };
		CEF90ECF2A77B6BD00BCB8D1 /* LaunchScreen.storyboard in Resources */ = {isa = PBXBuildFile; fileRef = CEF90ECD2A77B6BD00BCB8D1 /* LaunchScreen.storyboard */; };
		CEF90ED92A77B8B500BCB8D1 /* CatalogCollectionViewCell.swift in Sources */ = {isa = PBXBuildFile; fileRef = CEF90ED72A77B8B500BCB8D1 /* CatalogCollectionViewCell.swift */; };
		CEF90EDA2A77B8B500BCB8D1 /* CatalogCollectionViewCell.xib in Resources */ = {isa = PBXBuildFile; fileRef = CEF90ED82A77B8B500BCB8D1 /* CatalogCollectionViewCell.xib */; };
		CEF90EDC2A77BD3900BCB8D1 /* CategoriesViewController.swift in Sources */ = {isa = PBXBuildFile; fileRef = CEF90EDB2A77BD3900BCB8D1 /* CategoriesViewController.swift */; };
/* End PBXBuildFile section */

/* Begin PBXFileReference section */
		CE64F3332A77C050005E6EE4 /* CategoriesCollectionViewCell.swift */ = {isa = PBXFileReference; lastKnownFileType = sourcecode.swift; path = CategoriesCollectionViewCell.swift; sourceTree = "<group>"; };
		CE64F3342A77C050005E6EE4 /* CategoriesCollectionViewCell.xib */ = {isa = PBXFileReference; lastKnownFileType = file.xib; path = CategoriesCollectionViewCell.xib; sourceTree = "<group>"; };
		CEA4CA452A7BD47600A826B4 /* NetworkHelpers.swift */ = {isa = PBXFileReference; lastKnownFileType = sourcecode.swift; path = NetworkHelpers.swift; sourceTree = "<group>"; };
		CEA4CA472A7CDAAB00A826B4 /* ProductsCartViewController.swift */ = {isa = PBXFileReference; lastKnownFileType = sourcecode.swift; path = ProductsCartViewController.swift; sourceTree = "<group>"; };
		CEBD65DC2A7B633600DDC5AB /* SubcategoriesViewController.swift */ = {isa = PBXFileReference; lastKnownFileType = sourcecode.swift; path = SubcategoriesViewController.swift; sourceTree = "<group>"; };
		CEBD65DE2A7B651600DDC5AB /* SubcategoriesCollectionViewCell.swift */ = {isa = PBXFileReference; lastKnownFileType = sourcecode.swift; path = SubcategoriesCollectionViewCell.swift; sourceTree = "<group>"; };
		CEBD65DF2A7B651600DDC5AB /* SubcategoriesCollectionViewCell.xib */ = {isa = PBXFileReference; lastKnownFileType = file.xib; path = SubcategoriesCollectionViewCell.xib; sourceTree = "<group>"; };
		CEF90EBF2A77B6BB00BCB8D1 /* GLORIA.app */ = {isa = PBXFileReference; explicitFileType = wrapper.application; includeInIndex = 0; path = GLORIA.app; sourceTree = BUILT_PRODUCTS_DIR; };
		CEF90EC22A77B6BB00BCB8D1 /* AppDelegate.swift */ = {isa = PBXFileReference; lastKnownFileType = sourcecode.swift; path = AppDelegate.swift; sourceTree = "<group>"; };
		CEF90EC42A77B6BB00BCB8D1 /* SceneDelegate.swift */ = {isa = PBXFileReference; lastKnownFileType = sourcecode.swift; path = SceneDelegate.swift; sourceTree = "<group>"; };
		CEF90EC62A77B6BB00BCB8D1 /* ViewController.swift */ = {isa = PBXFileReference; lastKnownFileType = sourcecode.swift; path = ViewController.swift; sourceTree = "<group>"; };
		CEF90EC92A77B6BB00BCB8D1 /* Base */ = {isa = PBXFileReference; lastKnownFileType = file.storyboard; name = Base; path = Base.lproj/Main.storyboard; sourceTree = "<group>"; };
		CEF90ECB2A77B6BD00BCB8D1 /* Assets.xcassets */ = {isa = PBXFileReference; lastKnownFileType = folder.assetcatalog; path = Assets.xcassets; sourceTree = "<group>"; };
		CEF90ECE2A77B6BD00BCB8D1 /* Base */ = {isa = PBXFileReference; lastKnownFileType = file.storyboard; name = Base; path = Base.lproj/LaunchScreen.storyboard; sourceTree = "<group>"; };
		CEF90ED02A77B6BD00BCB8D1 /* Info.plist */ = {isa = PBXFileReference; lastKnownFileType = text.plist.xml; path = Info.plist; sourceTree = "<group>"; };
		CEF90ED72A77B8B500BCB8D1 /* CatalogCollectionViewCell.swift */ = {isa = PBXFileReference; lastKnownFileType = sourcecode.swift; path = CatalogCollectionViewCell.swift; sourceTree = "<group>"; };
		CEF90ED82A77B8B500BCB8D1 /* CatalogCollectionViewCell.xib */ = {isa = PBXFileReference; lastKnownFileType = file.xib; name = CatalogCollectionViewCell.xib; path = ../CatalogCollectionViewCell.xib; sourceTree = "<group>"; };
		CEF90EDB2A77BD3900BCB8D1 /* CategoriesViewController.swift */ = {isa = PBXFileReference; lastKnownFileType = sourcecode.swift; path = CategoriesViewController.swift; sourceTree = "<group>"; };
/* End PBXFileReference section */

/* Begin PBXFrameworksBuildPhase section */
		CEF90EBC2A77B6BB00BCB8D1 /* Frameworks */ = {
			isa = PBXFrameworksBuildPhase;
			buildActionMask = 2147483647;
			files = (
			);
			runOnlyForDeploymentPostprocessing = 0;
		};
/* End PBXFrameworksBuildPhase section */

/* Begin PBXGroup section */
		CE64F3322A77BFEE005E6EE4 /* Controller */ = {
			isa = PBXGroup;
			children = (
				CEF90EDB2A77BD3900BCB8D1 /* CategoriesViewController.swift */,
				CEBD65DC2A7B633600DDC5AB /* SubcategoriesViewController.swift */,
				CEF90EC62A77B6BB00BCB8D1 /* ViewController.swift */,
				CEA4CA472A7CDAAB00A826B4 /* ProductsCartViewController.swift */,
			);
			path = Controller;
			sourceTree = "<group>";
		};
		CEF90EB62A77B6BB00BCB8D1 = {
			isa = PBXGroup;
			children = (
				CEA4CA452A7BD47600A826B4 /* NetworkHelpers.swift */,
				CEF90EC12A77B6BB00BCB8D1 /* GLORIA */,
				CEF90EC02A77B6BB00BCB8D1 /* Products */,
			);
			sourceTree = "<group>";
		};
		CEF90EC02A77B6BB00BCB8D1 /* Products */ = {
			isa = PBXGroup;
			children = (
				CEF90EBF2A77B6BB00BCB8D1 /* GLORIA.app */,
			);
			name = Products;
			sourceTree = "<group>";
		};
		CEF90EC12A77B6BB00BCB8D1 /* GLORIA */ = {
			isa = PBXGroup;
			children = (
				CE64F3322A77BFEE005E6EE4 /* Controller */,
				CEF90EDE2A77BF3600BCB8D1 /* View */,
				CEF90EDD2A77BF0500BCB8D1 /* Resourses */,
				CEF90ED62A77B8A100BCB8D1 /* App */,
			);
			path = GLORIA;
			sourceTree = "<group>";
		};
		CEF90ED62A77B8A100BCB8D1 /* App */ = {
			isa = PBXGroup;
			children = (
				CEF90EC22A77B6BB00BCB8D1 /* AppDelegate.swift */,
				CEF90EC42A77B6BB00BCB8D1 /* SceneDelegate.swift */,
			);
			path = App;
			sourceTree = "<group>";
		};
		CEF90EDD2A77BF0500BCB8D1 /* Resourses */ = {
			isa = PBXGroup;
			children = (
				CEF90EC82A77B6BB00BCB8D1 /* Main.storyboard */,
				CEF90ECB2A77B6BD00BCB8D1 /* Assets.xcassets */,
				CEF90ECD2A77B6BD00BCB8D1 /* LaunchScreen.storyboard */,
				CEF90ED02A77B6BD00BCB8D1 /* Info.plist */,
			);
			path = Resourses;
			sourceTree = "<group>";
		};
		CEF90EDE2A77BF3600BCB8D1 /* View */ = {
			isa = PBXGroup;
			children = (
				CEF90ED72A77B8B500BCB8D1 /* CatalogCollectionViewCell.swift */,
				CEF90ED82A77B8B500BCB8D1 /* CatalogCollectionViewCell.xib */,
				CE64F3332A77C050005E6EE4 /* CategoriesCollectionViewCell.swift */,
				CE64F3342A77C050005E6EE4 /* CategoriesCollectionViewCell.xib */,
				CEBD65DE2A7B651600DDC5AB /* SubcategoriesCollectionViewCell.swift */,
				CEBD65DF2A7B651600DDC5AB /* SubcategoriesCollectionViewCell.xib */,
			);
			path = View;
			sourceTree = "<group>";
		};
/* End PBXGroup section */

/* Begin PBXNativeTarget section */
		CEF90EBE2A77B6BB00BCB8D1 /* GLORIA */ = {
			isa = PBXNativeTarget;
			buildConfigurationList = CEF90ED32A77B6BD00BCB8D1 /* Build configuration list for PBXNativeTarget "GLORIA" */;
			buildPhases = (
				CEF90EBB2A77B6BB00BCB8D1 /* Sources */,
				CEF90EBC2A77B6BB00BCB8D1 /* Frameworks */,
				CEF90EBD2A77B6BB00BCB8D1 /* Resources */,
			);
			buildRules = (
			);
			dependencies = (
			);
			name = GLORIA;
			productName = GLORIA;
			productReference = CEF90EBF2A77B6BB00BCB8D1 /* GLORIA.app */;
			productType = "com.apple.product-type.application";
		};
/* End PBXNativeTarget section */

/* Begin PBXProject section */
		CEF90EB72A77B6BB00BCB8D1 /* Project object */ = {
			isa = PBXProject;
			attributes = {
				BuildIndependentTargetsInParallel = 1;
				LastSwiftUpdateCheck = 1420;
				LastUpgradeCheck = 1420;
				TargetAttributes = {
					CEF90EBE2A77B6BB00BCB8D1 = {
						CreatedOnToolsVersion = 14.2;
					};
				};
			};
			buildConfigurationList = CEF90EBA2A77B6BB00BCB8D1 /* Build configuration list for PBXProject "GLORIA" */;
			compatibilityVersion = "Xcode 14.0";
			developmentRegion = en;
			hasScannedForEncodings = 0;
			knownRegions = (
				en,
				Base,
			);
			mainGroup = CEF90EB62A77B6BB00BCB8D1;
			productRefGroup = CEF90EC02A77B6BB00BCB8D1 /* Products */;
			projectDirPath = "";
			projectRoot = "";
			targets = (
				CEF90EBE2A77B6BB00BCB8D1 /* GLORIA */,
			);
		};
/* End PBXProject section */

/* Begin PBXResourcesBuildPhase section */
		CEF90EBD2A77B6BB00BCB8D1 /* Resources */ = {
			isa = PBXResourcesBuildPhase;
			buildActionMask = 2147483647;
			files = (
				CEF90EDA2A77B8B500BCB8D1 /* CatalogCollectionViewCell.xib in Resources */,
				CEBD65E12A7B651600DDC5AB /* SubcategoriesCollectionViewCell.xib in Resources */,
				CE64F3362A77C050005E6EE4 /* CategoriesCollectionViewCell.xib in Resources */,
				CEF90ECF2A77B6BD00BCB8D1 /* LaunchScreen.storyboard in Resources */,
				CEF90ECC2A77B6BD00BCB8D1 /* Assets.xcassets in Resources */,
				CEF90ECA2A77B6BB00BCB8D1 /* Main.storyboard in Resources */,
			);
			runOnlyForDeploymentPostprocessing = 0;
		};
/* End PBXResourcesBuildPhase section */

/* Begin PBXSourcesBuildPhase section */
		CEF90EBB2A77B6BB00BCB8D1 /* Sources */ = {
			isa = PBXSourcesBuildPhase;
			buildActionMask = 2147483647;
			files = (
				CE64F3352A77C050005E6EE4 /* CategoriesCollectionViewCell.swift in Sources */,
				CEBD65DD2A7B633600DDC5AB /* SubcategoriesViewController.swift in Sources */,
				CEF90ED92A77B8B500BCB8D1 /* CatalogCollectionViewCell.swift in Sources */,
				CEF90EC72A77B6BB00BCB8D1 /* ViewController.swift in Sources */,
				CEF90EC32A77B6BB00BCB8D1 /* AppDelegate.swift in Sources */,
				CEF90EC52A77B6BB00BCB8D1 /* SceneDelegate.swift in Sources */,
				CEA4CA462A7BD47700A826B4 /* NetworkHelpers.swift in Sources */,
				CEF90EDC2A77BD3900BCB8D1 /* CategoriesViewController.swift in Sources */,
				CEA4CA482A7CDAAB00A826B4 /* ProductsCartViewController.swift in Sources */,
				CEBD65E02A7B651600DDC5AB /* SubcategoriesCollectionViewCell.swift in Sources */,
			);
			runOnlyForDeploymentPostprocessing = 0;
		};
/* End PBXSourcesBuildPhase section */

/* Begin PBXVariantGroup section */
		CEF90EC82A77B6BB00BCB8D1 /* Main.storyboard */ = {
			isa = PBXVariantGroup;
			children = (
				CEF90EC92A77B6BB00BCB8D1 /* Base */,
			);
			name = Main.storyboard;
			sourceTree = "<group>";
		};
		CEF90ECD2A77B6BD00BCB8D1 /* LaunchScreen.storyboard */ = {
			isa = PBXVariantGroup;
			children = (
				CEF90ECE2A77B6BD00BCB8D1 /* Base */,
			);
			name = LaunchScreen.storyboard;
			sourceTree = "<group>";
		};
/* End PBXVariantGroup section */

/* Begin XCBuildConfiguration section */
		CEF90ED12A77B6BD00BCB8D1 /* Debug */ = {
			isa = XCBuildConfiguration;
			buildSettings = {
				ALWAYS_SEARCH_USER_PATHS = NO;
				CLANG_ANALYZER_NONNULL = YES;
				CLANG_ANALYZER_NUMBER_OBJECT_CONVERSION = YES_AGGRESSIVE;
				CLANG_CXX_LANGUAGE_STANDARD = "gnu++20";
				CLANG_ENABLE_MODULES = YES;
				CLANG_ENABLE_OBJC_ARC = YES;
				CLANG_ENABLE_OBJC_WEAK = YES;
				CLANG_WARN_BLOCK_CAPTURE_AUTORELEASING = YES;
				CLANG_WARN_BOOL_CONVERSION = YES;
				CLANG_WARN_COMMA = YES;
				CLANG_WARN_CONSTANT_CONVERSION = YES;
				CLANG_WARN_DEPRECATED_OBJC_IMPLEMENTATIONS = YES;
				CLANG_WARN_DIRECT_OBJC_ISA_USAGE = YES_ERROR;
				CLANG_WARN_DOCUMENTATION_COMMENTS = YES;
				CLANG_WARN_EMPTY_BODY = YES;
				CLANG_WARN_ENUM_CONVERSION = YES;
				CLANG_WARN_INFINITE_RECURSION = YES;
				CLANG_WARN_INT_CONVERSION = YES;
				CLANG_WARN_NON_LITERAL_NULL_CONVERSION = YES;
				CLANG_WARN_OBJC_IMPLICIT_RETAIN_SELF = YES;
				CLANG_WARN_OBJC_LITERAL_CONVERSION = YES;
				CLANG_WARN_OBJC_ROOT_CLASS = YES_ERROR;
				CLANG_WARN_QUOTED_INCLUDE_IN_FRAMEWORK_HEADER = YES;
				CLANG_WARN_RANGE_LOOP_ANALYSIS = YES;
				CLANG_WARN_STRICT_PROTOTYPES = YES;
				CLANG_WARN_SUSPICIOUS_MOVE = YES;
				CLANG_WARN_UNGUARDED_AVAILABILITY = YES_AGGRESSIVE;
				CLANG_WARN_UNREACHABLE_CODE = YES;
				CLANG_WARN__DUPLICATE_METHOD_MATCH = YES;
				COPY_PHASE_STRIP = NO;
				DEBUG_INFORMATION_FORMAT = dwarf;
				ENABLE_STRICT_OBJC_MSGSEND = YES;
				ENABLE_TESTABILITY = YES;
				GCC_C_LANGUAGE_STANDARD = gnu11;
				GCC_DYNAMIC_NO_PIC = NO;
				GCC_NO_COMMON_BLOCKS = YES;
				GCC_OPTIMIZATION_LEVEL = 0;
				GCC_PREPROCESSOR_DEFINITIONS = (
					"DEBUG=1",
					"$(inherited)",
				);
				GCC_WARN_64_TO_32_BIT_CONVERSION = YES;
				GCC_WARN_ABOUT_RETURN_TYPE = YES_ERROR;
				GCC_WARN_UNDECLARED_SELECTOR = YES;
				GCC_WARN_UNINITIALIZED_AUTOS = YES_AGGRESSIVE;
				GCC_WARN_UNUSED_FUNCTION = YES;
				GCC_WARN_UNUSED_VARIABLE = YES;
				IPHONEOS_DEPLOYMENT_TARGET = 16.2;
				MTL_ENABLE_DEBUG_INFO = INCLUDE_SOURCE;
				MTL_FAST_MATH = YES;
				ONLY_ACTIVE_ARCH = YES;
				SDKROOT = iphoneos;
				SWIFT_ACTIVE_COMPILATION_CONDITIONS = DEBUG;
				SWIFT_OPTIMIZATION_LEVEL = "-Onone";
			};
			name = Debug;
		};
		CEF90ED22A77B6BD00BCB8D1 /* Release */ = {
			isa = XCBuildConfiguration;
			buildSettings = {
				ALWAYS_SEARCH_USER_PATHS = NO;
				CLANG_ANALYZER_NONNULL = YES;
				CLANG_ANALYZER_NUMBER_OBJECT_CONVERSION = YES_AGGRESSIVE;
				CLANG_CXX_LANGUAGE_STANDARD = "gnu++20";
				CLANG_ENABLE_MODULES = YES;
				CLANG_ENABLE_OBJC_ARC = YES;
				CLANG_ENABLE_OBJC_WEAK = YES;
				CLANG_WARN_BLOCK_CAPTURE_AUTORELEASING = YES;
				CLANG_WARN_BOOL_CONVERSION = YES;
				CLANG_WARN_COMMA = YES;
				CLANG_WARN_CONSTANT_CONVERSION = YES;
				CLANG_WARN_DEPRECATED_OBJC_IMPLEMENTATIONS = YES;
				CLANG_WARN_DIRECT_OBJC_ISA_USAGE = YES_ERROR;
				CLANG_WARN_DOCUMENTATION_COMMENTS = YES;
				CLANG_WARN_EMPTY_BODY = YES;
				CLANG_WARN_ENUM_CONVERSION = YES;
				CLANG_WARN_INFINITE_RECURSION = YES;
				CLANG_WARN_INT_CONVERSION = YES;
				CLANG_WARN_NON_LITERAL_NULL_CONVERSION = YES;
				CLANG_WARN_OBJC_IMPLICIT_RETAIN_SELF = YES;
				CLANG_WARN_OBJC_LITERAL_CONVERSION = YES;
				CLANG_WARN_OBJC_ROOT_CLASS = YES_ERROR;
				CLANG_WARN_QUOTED_INCLUDE_IN_FRAMEWORK_HEADER = YES;
				CLANG_WARN_RANGE_LOOP_ANALYSIS = YES;
				CLANG_WARN_STRICT_PROTOTYPES = YES;
				CLANG_WARN_SUSPICIOUS_MOVE = YES;
				CLANG_WARN_UNGUARDED_AVAILABILITY = YES_AGGRESSIVE;
				CLANG_WARN_UNREACHABLE_CODE = YES;
				CLANG_WARN__DUPLICATE_METHOD_MATCH = YES;
				COPY_PHASE_STRIP = NO;
				DEBUG_INFORMATION_FORMAT = "dwarf-with-dsym";
				ENABLE_NS_ASSERTIONS = NO;
				ENABLE_STRICT_OBJC_MSGSEND = YES;
				GCC_C_LANGUAGE_STANDARD = gnu11;
				GCC_NO_COMMON_BLOCKS = YES;
				GCC_WARN_64_TO_32_BIT_CONVERSION = YES;
				GCC_WARN_ABOUT_RETURN_TYPE = YES_ERROR;
				GCC_WARN_UNDECLARED_SELECTOR = YES;
				GCC_WARN_UNINITIALIZED_AUTOS = YES_AGGRESSIVE;
				GCC_WARN_UNUSED_FUNCTION = YES;
				GCC_WARN_UNUSED_VARIABLE = YES;
				IPHONEOS_DEPLOYMENT_TARGET = 16.2;
				MTL_ENABLE_DEBUG_INFO = NO;
				MTL_FAST_MATH = YES;
				SDKROOT = iphoneos;
				SWIFT_COMPILATION_MODE = wholemodule;
				SWIFT_OPTIMIZATION_LEVEL = "-O";
				VALIDATE_PRODUCT = YES;
			};
			name = Release;
		};
		CEF90ED42A77B6BD00BCB8D1 /* Debug */ = {
			isa = XCBuildConfiguration;
			buildSettings = {
				ASSETCATALOG_COMPILER_APPICON_NAME = AppIcon;
				ASSETCATALOG_COMPILER_GLOBAL_ACCENT_COLOR_NAME = AccentColor;
				CODE_SIGN_STYLE = Automatic;
				CURRENT_PROJECT_VERSION = 1;
				DEVELOPMENT_TEAM = 9U29FTW386;
				GENERATE_INFOPLIST_FILE = YES;
				INFOPLIST_FILE = GLORIA/Info.plist;
				INFOPLIST_KEY_UIApplicationSupportsIndirectInputEvents = YES;
				INFOPLIST_KEY_UILaunchStoryboardName = LaunchScreen;
				INFOPLIST_KEY_UIMainStoryboardFile = Main;
				INFOPLIST_KEY_UISupportedInterfaceOrientations_iPad = "UIInterfaceOrientationPortrait UIInterfaceOrientationPortraitUpsideDown UIInterfaceOrientationLandscapeLeft UIInterfaceOrientationLandscapeRight";
				INFOPLIST_KEY_UISupportedInterfaceOrientations_iPhone = "UIInterfaceOrientationPortrait UIInterfaceOrientationLandscapeLeft UIInterfaceOrientationLandscapeRight";
				LD_RUNPATH_SEARCH_PATHS = (
					"$(inherited)",
					"@executable_path/Frameworks",
				);
				MARKETING_VERSION = 1.0;
				PRODUCT_BUNDLE_IDENTIFIER = kg.geektech.GLORIA;
				PRODUCT_NAME = "$(TARGET_NAME)";
				SWIFT_EMIT_LOC_STRINGS = YES;
				SWIFT_VERSION = 5.0;
				TARGETED_DEVICE_FAMILY = "1,2";
			};
			name = Debug;
		};
		CEF90ED52A77B6BD00BCB8D1 /* Release */ = {
			isa = XCBuildConfiguration;
			buildSettings = {
				ASSETCATALOG_COMPILER_APPICON_NAME = AppIcon;
				ASSETCATALOG_COMPILER_GLOBAL_ACCENT_COLOR_NAME = AccentColor;
				CODE_SIGN_STYLE = Automatic;
				CURRENT_PROJECT_VERSION = 1;
				DEVELOPMENT_TEAM = 9U29FTW386;
				GENERATE_INFOPLIST_FILE = YES;
				INFOPLIST_FILE = GLORIA/Info.plist;
				INFOPLIST_KEY_UIApplicationSupportsIndirectInputEvents = YES;
				INFOPLIST_KEY_UILaunchStoryboardName = LaunchScreen;
				INFOPLIST_KEY_UIMainStoryboardFile = Main;
				INFOPLIST_KEY_UISupportedInterfaceOrientations_iPad = "UIInterfaceOrientationPortrait UIInterfaceOrientationPortraitUpsideDown UIInterfaceOrientationLandscapeLeft UIInterfaceOrientationLandscapeRight";
				INFOPLIST_KEY_UISupportedInterfaceOrientations_iPhone = "UIInterfaceOrientationPortrait UIInterfaceOrientationLandscapeLeft UIInterfaceOrientationLandscapeRight";
				LD_RUNPATH_SEARCH_PATHS = (
					"$(inherited)",
					"@executable_path/Frameworks",
				);
				MARKETING_VERSION = 1.0;
				PRODUCT_BUNDLE_IDENTIFIER = kg.geektech.GLORIA;
				PRODUCT_NAME = "$(TARGET_NAME)";
				SWIFT_EMIT_LOC_STRINGS = YES;
				SWIFT_VERSION = 5.0;
				TARGETED_DEVICE_FAMILY = "1,2";
			};
			name = Release;
		};
/* End XCBuildConfiguration section */

/* Begin XCConfigurationList section */
		CEF90EBA2A77B6BB00BCB8D1 /* Build configuration list for PBXProject "GLORIA" */ = {
			isa = XCConfigurationList;
			buildConfigurations = (
				CEF90ED12A77B6BD00BCB8D1 /* Debug */,
				CEF90ED22A77B6BD00BCB8D1 /* Release */,
			);
			defaultConfigurationIsVisible = 0;
			defaultConfigurationName = Release;
		};
		CEF90ED32A77B6BD00BCB8D1 /* Build configuration list for PBXNativeTarget "GLORIA" */ = {
			isa = XCConfigurationList;
			buildConfigurations = (
				CEF90ED42A77B6BD00BCB8D1 /* Debug */,
				CEF90ED52A77B6BD00BCB8D1 /* Release */,
			);
			defaultConfigurationIsVisible = 0;
			defaultConfigurationName = Release;
		};
/* End XCConfigurationList section */
	};
	rootObject = CEF90EB72A77B6BB00BCB8D1 /* Project object */;
}
